// !$*UTF8*$!
{
	archiveVersion = 1;
	classes = {
	};
	objectVersion = 77;
	objects = {

/* Begin PBXBuildFile section */
		0068E65BB63772EC91AD7DEB /* OnboardingView.swift in Sources */ = {isa = PBXBuildFile; fileRef = 8DD0072C181C86E6573956E6 /* OnboardingView.swift */; };
		0765FC349AF0959E7B64F1F1 /* CalendarProvider.swift in Sources */ = {isa = PBXBuildFile; fileRef = EE7024A35009A41633374520 /* CalendarProvider.swift */; };
		09D0674313F646D3FBF566E6 /* AssistantServiceTests.swift in Sources */ = {isa = PBXBuildFile; fileRef = 3A25106AFC089E647B528961 /* AssistantServiceTests.swift */; };
		0D721D1D3550B57F20CA3A2B /* CalendarView.swift in Sources */ = {isa = PBXBuildFile; fileRef = 852A1F94F61BA3A76C924024 /* CalendarView.swift */; };
		0E47414B32C82AA18B8C7BEF /* ConversationTimelineBuilder.swift in Sources */ = {isa = PBXBuildFile; fileRef = 253900A20A87FAE82EBA328D /* ConversationTimelineBuilder.swift */; };
		0EF4A14A18D8C1807903BFB5 /* OrinModels.swift in Sources */ = {isa = PBXBuildFile; fileRef = DD7A85A436BEDD4A27D60331 /* OrinModels.swift */; };
		0FD53F32D188FC8EBA87E916 /* ServiceContainer.swift in Sources */ = {isa = PBXBuildFile; fileRef = 24558ABC3B62E3E52B4D927F /* ServiceContainer.swift */; };
		13DD231179F3C25625E5ABA4 /* MainContainerView.swift in Sources */ = {isa = PBXBuildFile; fileRef = 67F416A082DA5D5A03DDF33A /* MainContainerView.swift */; };
		16E2837312FAE3FE021AB3F9 /* NSPanelOverlayProvider.swift in Sources */ = {isa = PBXBuildFile; fileRef = 4F4BFD83C6956F7CFC3904A1 /* NSPanelOverlayProvider.swift */; };
		18D5EC99922645BC0A873DD8 /* OllamaSetupServiceTests.swift in Sources */ = {isa = PBXBuildFile; fileRef = B6CB98A7A8B1D5E5DF79D1ED /* OllamaSetupServiceTests.swift */; };
		197EC57F8979FBB04E969C32 /* QuickCaptureWindowManager.swift in Sources */ = {isa = PBXBuildFile; fileRef = CB965CFEFA415C6324DBDB15 /* QuickCaptureWindowManager.swift */; };
		1B88018839A70467B8F9F7E8 /* DailyBriefService.swift in Sources */ = {isa = PBXBuildFile; fileRef = 872AB7805980C0ECE87011B3 /* DailyBriefService.swift */; };
		25C8AF165FF7399B7D9D23A1 /* TranscriptStore.swift in Sources */ = {isa = PBXBuildFile; fileRef = EF4616D86E866C525734D4E9 /* TranscriptStore.swift */; };
		25DC8730674D167DD0832FE0 /* SessionLogger.swift in Sources */ = {isa = PBXBuildFile; fileRef = DF24AD348FFD3F5C712902D4 /* SessionLogger.swift */; };
		33F24D0AB5A5AAAB8F964296 /* MeetingDataService.swift in Sources */ = {isa = PBXBuildFile; fileRef = 12292ACA676648F1418FA029 /* MeetingDataService.swift */; };
		3589BD2D262CDE1CB3F3F777 /* TranscriptStoreTests.swift in Sources */ = {isa = PBXBuildFile; fileRef = 7D752B5785E79D4CC20B79AD /* TranscriptStoreTests.swift */; };
		3E3DBB88551F6601D768FED2 /* DebugResetView.swift in Sources */ = {isa = PBXBuildFile; fileRef = CEA78A869B1CE0ED179EB718 /* DebugResetView.swift */; };
		41F4129A8CE8465747700EFD /* MeetingNotificationService.swift in Sources */ = {isa = PBXBuildFile; fileRef = 71BE09DABF4D43F1798BF2DF /* MeetingNotificationService.swift */; };
		444D69E6A941E1EB774561B9 /* OrinMenuBarView.swift in Sources */ = {isa = PBXBuildFile; fileRef = 3170FC950760006E72252C5F /* OrinMenuBarView.swift */; };
		44BF61DBD85EBDA78179E42A /* WhisperTranscriptionService.swift in Sources */ = {isa = PBXBuildFile; fileRef = CF3A1EB26DCFA84ACC8B9933 /* WhisperTranscriptionService.swift */; };
		49418D23368279A4A7DE478A /* RecurringMeetingService.swift in Sources */ = {isa = PBXBuildFile; fileRef = 3FB92F123AA6A0DD8DE1E4AD /* RecurringMeetingService.swift */; };
		49B65FB1AC91B879C257113C /* main.swift in Sources */ = {isa = PBXBuildFile; fileRef = 51D0BEEA425390B5B8EC271C /* main.swift */; };
		4D1C008BC326D75DB57D18EF /* PriorityStyle.swift in Sources */ = {isa = PBXBuildFile; fileRef = 3828F040BC0839AF6C79C87F /* PriorityStyle.swift */; };
		513FE0C9EFFADABF7B6E7CC7 /* CalendarServiceTests.swift in Sources */ = {isa = PBXBuildFile; fileRef = 507B33BA862BD013DAEF3139 /* CalendarServiceTests.swift */; };
		526A109F144BD83D7194BA39 /* RecognitionDiagnostics.swift in Sources */ = {isa = PBXBuildFile; fileRef = 0C55D5D9CBBC26B887358FCD /* RecognitionDiagnostics.swift */; };
		86469E4014384CE185961F25 /* FeatureFlags.swift in Sources */ = {isa = PBXBuildFile; fileRef = F57B837DBD5A4277B63713B0 /* FeatureFlags.swift */; };
		55C540FA8DDC27A0101F9F4D /* AIProviderTestService.swift in Sources */ = {isa = PBXBuildFile; fileRef = AE1B657B52B03300F5D101AF /* AIProviderTestService.swift */; };
		56D7009D149DE99AEA31D1EE /* ErrorModalView.swift in Sources */ = {isa = PBXBuildFile; fileRef = D1B0C2173BDDA0B57616C239 /* ErrorModalView.swift */; };
		591F79EE41C2D3E8308AFA4B /* FolderSummaryService.swift in Sources */ = {isa = PBXBuildFile; fileRef = A1CF1F956C71E9C7B450923A /* FolderSummaryService.swift */; };
		5BFFEF91D0284E5BD5ABDFBC /* QuickCaptureParser.swift in Sources */ = {isa = PBXBuildFile; fileRef = 443EA9E91596CAE7700ED234 /* QuickCaptureParser.swift */; };
		5CCB9FB98785E5DCCB821F4C /* OverlayProvider.swift in Sources */ = {isa = PBXBuildFile; fileRef = DC4220E4E639568B6AFCAD17 /* OverlayProvider.swift */; };
		5D8D7D055C0F49E47193D09B /* EventKitCalendarProvider.swift in Sources */ = {isa = PBXBuildFile; fileRef = B4A70BE2C52839436CB592D1 /* EventKitCalendarProvider.swift */; };
		5EFF84E8622CB252B683564B /* QuickCaptureParserTests.swift in Sources */ = {isa = PBXBuildFile; fileRef = 8B1EBA9F88D8CE1329DF86FE /* QuickCaptureParserTests.swift */; };
		60606528AE89F4EE56537CF4 /* VoiceCommandService.swift in Sources */ = {isa = PBXBuildFile; fileRef = D5438670DE254E8520097BAD /* VoiceCommandService.swift */; };
		627A476E828F39657A1CDDF9 /* RecurringMeetingTests.swift in Sources */ = {isa = PBXBuildFile; fileRef = 7D74EF46FF4600B3BEAE0AF5 /* RecurringMeetingTests.swift */; };
		62939EA46F8C7F044E1343A5 /* NotificationProvider.swift in Sources */ = {isa = PBXBuildFile; fileRef = 11905D79CF2959E679D3581C /* NotificationProvider.swift */; };
		658EB7D9B6504DC9873473CD /* FloatingRecordingWidgetWindowManager.swift in Sources */ = {isa = PBXBuildFile; fileRef = 2701BB505DA99B3E8F9D68DC /* FloatingRecordingWidgetWindowManager.swift */; };
		6F4802481BE0C2AF5490B8A2 /* MeetingRetentionService.swift in Sources */ = {isa = PBXBuildFile; fileRef = 8E3F55E6C9F42F11F080D018 /* MeetingRetentionService.swift */; };
		6FE14B36F7A7E6FE97686FF0 /* OllamaSetupView.swift in Sources */ = {isa = PBXBuildFile; fileRef = 6F6D5F05834B394009D96143 /* OllamaSetupView.swift */; };
		71BFA8C8BC1EA84F6112E391 /* ModelContext+SafeSave.swift in Sources */ = {isa = PBXBuildFile; fileRef = 1E572BABDFB9A06E71198D2C /* ModelContext+SafeSave.swift */; };
		72B28BA440B4577A923591F7 /* ReflowEngine.swift in Sources */ = {isa = PBXBuildFile; fileRef = A78171A0ABE98ECFFF7EDF4B /* ReflowEngine.swift */; };
		77552C988B358FD2DBA64BFB /* AIProviderTests.swift in Sources */ = {isa = PBXBuildFile; fileRef = 1BFD925FB5FE45474C79B0E5 /* AIProviderTests.swift */; };
		7A2380119AE2C3B8CAF4D736 /* BacklogView.swift in Sources */ = {isa = PBXBuildFile; fileRef = D7E0882BACD5D48B5E035722 /* BacklogView.swift */; };
		7CDFE204B396A0D34B6F31F0 /* MeetingsAuditTests.swift in Sources */ = {isa = PBXBuildFile; fileRef = 150FC827C1B0A022041C2631 /* MeetingsAuditTests.swift */; };
		7FA7E4F2781CC989282BF439 /* LongContextTests.swift in Sources */ = {isa = PBXBuildFile; fileRef = B121092445F469F8F590EE0D /* LongContextTests.swift */; };
		82C57AE4B0C8F8F70A4336E9 /* RecordingService.swift in Sources */ = {isa = PBXBuildFile; fileRef = 294C92315F4ED7A3B79D7222 /* RecordingService.swift */; };
		84F58F415CD031675D735A72 /* AIKeychainService.swift in Sources */ = {isa = PBXBuildFile; fileRef = 419C0B2001EEC71F06302C26 /* AIKeychainService.swift */; };
		8559C99C9308868B0BAEA091 /* ErrorManager.swift in Sources */ = {isa = PBXBuildFile; fileRef = A9E5BF53174598B74B658427 /* ErrorManager.swift */; };
		8799A40862B8CE79F90C7FBD /* ErrorToastView.swift in Sources */ = {isa = PBXBuildFile; fileRef = CEA851E5261D2FFFF35103DC /* ErrorToastView.swift */; };
		88F38283F83FFC0A1FADF4D4 /* PlaceholderModuleView.swift in Sources */ = {isa = PBXBuildFile; fileRef = C1D7BF82E6A3050C2F7F774A /* PlaceholderModuleView.swift */; };
		8DC903E4C6612D8CE9D875B2 /* OllamaInstallerService.swift in Sources */ = {isa = PBXBuildFile; fileRef = 8E38499508BBC866121E1F80 /* OllamaInstallerService.swift */; };
		90371D2A180EAD70C27F3972 /* TranscriptChunker.swift in Sources */ = {isa = PBXBuildFile; fileRef = 06E4CD4064E434C342284C3A /* TranscriptChunker.swift */; };
		91671C715D26FE58663AB01E /* SCKitSystemAudioProvider.swift in Sources */ = {isa = PBXBuildFile; fileRef = D186A2AB4887DC201AE619B7 /* SCKitSystemAudioProvider.swift */; };
		91FF687CEC814F6FFAD88B85 /* TodayView.swift in Sources */ = {isa = PBXBuildFile; fileRef = 2E63FF5AE746654DDC428D70 /* TodayView.swift */; };
		933EA92E2371B20E6CB37FFB /* VaultView.swift in Sources */ = {isa = PBXBuildFile; fileRef = 4BE28D0CD82235B798E0983A /* VaultView.swift */; };
		9668AABCCA2B9FDE619DC4F7 /* RecordingServiceTests.swift in Sources */ = {isa = PBXBuildFile; fileRef = 2874D4B9B750A4F9599C0B1C /* RecordingServiceTests.swift */; };
		97D69830053A3DD56AA30A05 /* AccessibilityProvider.swift in Sources */ = {isa = PBXBuildFile; fileRef = A5F65B2EDDB3D76923EF34A3 /* AccessibilityProvider.swift */; };
		9B1484778A294010459993C6 /* AssistantService.swift in Sources */ = {isa = PBXBuildFile; fileRef = 0E7E78CF43C46C926AF9CDB3 /* AssistantService.swift */; };
		A0B3B904421F9383B0BB63DF /* RolloverEngine.swift in Sources */ = {isa = PBXBuildFile; fileRef = A14FBA9CA7EBFE84C7062F7F /* RolloverEngine.swift */; };
		A54FC747DC629A79FDDE85FE /* RolloverEngineTests.swift in Sources */ = {isa = PBXBuildFile; fileRef = C214B3F85F40150D00F76455 /* RolloverEngineTests.swift */; };
		A559F24FF52E990EE76ED46C /* OrinApp.swift in Sources */ = {isa = PBXBuildFile; fileRef = 123978A06D4345EF01FE2A9B /* OrinApp.swift */; };
		A5A91456689948B1308EB3D3 /* OrinLoadingViews.swift in Sources */ = {isa = PBXBuildFile; fileRef = 1C67AF8CA62019954408971C /* OrinLoadingViews.swift */; };
		A646A587F6E344260CFA72DA /* MeetingsView.swift in Sources */ = {isa = PBXBuildFile; fileRef = E07D1C0B99B94529F80CE7B8 /* MeetingsView.swift */; };
		AD41317432DD47CDBCD9D4AD /* SourceChannelSpeakerProvider.swift in Sources */ = {isa = PBXBuildFile; fileRef = 2A41DEC8DDC8DD82E1994178 /* SourceChannelSpeakerProvider.swift */; };
		AE52273D03E7BC0D1E483C8B /* AutomationPermissionTests.swift in Sources */ = {isa = PBXBuildFile; fileRef = C6D071967F2E106EC4AA9390 /* AutomationPermissionTests.swift */; };
		B1EFE21C4BC749778248D1D2 /* URLSchemeTests.swift in Sources */ = {isa = PBXBuildFile; fileRef = D062D5F4024CEDE2087E5629 /* URLSchemeTests.swift */; };
		B4394AB0B28A590D98B9F5AB /* CalendarService.swift in Sources */ = {isa = PBXBuildFile; fileRef = 9E0206D0366B05401AAE9A24 /* CalendarService.swift */; };
		B85ABFE368558ACC3C4A5AB4 /* TapState.swift in Sources */ = {isa = PBXBuildFile; fileRef = 80025ABA474F4BAA712815C4 /* TapState.swift */; };
		B8EE12B885B42CB4932248D2 /* OrinDesignSystem.swift in Sources */ = {isa = PBXBuildFile; fileRef = 235DC6A31F8E8F9BC36D7789 /* OrinDesignSystem.swift */; };
		B96267B29723B73EF8F003B0 /* TaskRowView.swift in Sources */ = {isa = PBXBuildFile; fileRef = CC2C31077570EADABCF4F5D0 /* TaskRowView.swift */; };
		BD4817E71EC1BA6A01A30C64 /* VaultRecoveryViews.swift in Sources */ = {isa = PBXBuildFile; fileRef = 8CD5CFDCAA98CD8934454AFC /* VaultRecoveryViews.swift */; };
		C135559B284815EBD5D4C7D8 /* OrinAppIntents.swift in Sources */ = {isa = PBXBuildFile; fileRef = 94B9556EE44C555E2A084F6E /* OrinAppIntents.swift */; };
		C204E6B52260633CC82A5FAA /* SystemAudioCaptureService.swift in Sources */ = {isa = PBXBuildFile; fileRef = 97D81766A517328A38CE1B7A /* SystemAudioCaptureService.swift */; };
		E9B4C12347D0F8526B4E91C8 /* VocabularyProvider.swift in Sources */ = {isa = PBXBuildFile; fileRef = F3A7D2E891C4B5067B2E3F1A /* VocabularyProvider.swift */; };
		C257C90B995AAFB909340151 /* LoginItemService.swift in Sources */ = {isa = PBXBuildFile; fileRef = 851D9BE179848A60073DE00F /* LoginItemService.swift */; };
		C59E2B31364A54F48331A656 /* VaultService.swift in Sources */ = {isa = PBXBuildFile; fileRef = AD351B6164FFDB745DC81D32 /* VaultService.swift */; };
		C9CA091F2C913D6C2FA8F78A /* SystemAudioProvider.swift in Sources */ = {isa = PBXBuildFile; fileRef = 0AC374EE1A366D6EFEF03A32 /* SystemAudioProvider.swift */; };
		CD2EE644CD40D9617F7595E7 /* MeetingDetectorService.swift in Sources */ = {isa = PBXBuildFile; fileRef = B12EC7167FAA39D86E2DA11D /* MeetingDetectorService.swift */; };
		09683389102F411EA2785E9C /* ActionItemFilterTests.swift in Sources */ = {isa = PBXBuildFile; fileRef = ACC9D17CDB1C473AB5CDEB89 /* ActionItemFilterTests.swift */; };
		B1E4D7C3A29F1058E7B6C4DA /* ActionItemSourceTests.swift in Sources */ = {isa = PBXBuildFile; fileRef = F2A9C5E8B37D40621AF3D1E9 /* ActionItemSourceTests.swift */; };
		D3FF850D7D3176B9D07200B2 /* AIAnalysisTests.swift in Sources */ = {isa = PBXBuildFile; fileRef = 7E47CADD33B49C5054CDED5E /* AIAnalysisTests.swift */; };
		D43A9772FBA82A010D96F944 /* ConversationTimelineTests.swift in Sources */ = {isa = PBXBuildFile; fileRef = 17957A6F3095A89E86B829A9 /* ConversationTimelineTests.swift */; };
		D5A0FDD1C5CB34C8196E8373 /* VaultServiceTests.swift in Sources */ = {isa = PBXBuildFile; fileRef = A5AE9F0CA74E6690A7D43EF2 /* VaultServiceTests.swift */; };
		D9C21D746317A2A490A9EC06 /* AIKeychainServiceTests.swift in Sources */ = {isa = PBXBuildFile; fileRef = 664B3B78AEA6F8BB2195ADB8 /* AIKeychainServiceTests.swift */; };
		DA8C749B2A705519A6DEF180 /* RecordingWidgetView.swift in Sources */ = {isa = PBXBuildFile; fileRef = A8DF058290B0C5BC9569C5B8 /* RecordingWidgetView.swift */; };
		DB958B769923F4167AA575AA /* SettingsView.swift in Sources */ = {isa = PBXBuildFile; fileRef = 9783FE84726C66CE8567AFF9 /* SettingsView.swift */; };
		DF0FB877C28400BE3EC9DBDC /* MeetingDetectorServiceTests.swift in Sources */ = {isa = PBXBuildFile; fileRef = 96F4F970C8EDDBC402D5032A /* MeetingDetectorServiceTests.swift */; };
		DFADCF795C380DA7C5D7B06B /* MeetingIntelligenceService.swift in Sources */ = {isa = PBXBuildFile; fileRef = 6996F5B2DA38819EB2621F84 /* MeetingIntelligenceService.swift */; };
		E2576996B808E53E4E8DD2B2 /* macOSAccessibilityProvider.swift in Sources */ = {isa = PBXBuildFile; fileRef = 221D1AD3AA465A8CA94DC8D1 /* macOSAccessibilityProvider.swift */; };
		E910E9363A0FE38F9E53680A /* MeetingProviderTypes.swift in Sources */ = {isa = PBXBuildFile; fileRef = E2C29FC08912CA110228545E /* MeetingProviderTypes.swift */; };
		EA9C6EF921FD8FA4C5C0B460 /* TaskEditorView.swift in Sources */ = {isa = PBXBuildFile; fileRef = BA7C2C53D21A65ABC81F4C07 /* TaskEditorView.swift */; };
		EC0A4B9227141F910A08AA22 /* DiarizationProvider.swift in Sources */ = {isa = PBXBuildFile; fileRef = DE18E5B5C89DC528CD65B996 /* DiarizationProvider.swift */; };
		F01B90C20C7FAC8070BF00E8 /* MeetingDeletionTests.swift in Sources */ = {isa = PBXBuildFile; fileRef = 7224EF52ECA66FCEFC2532F8 /* MeetingDeletionTests.swift */; };
		F0973495E693151315BE140D /* MeetingExportTests.swift in Sources */ = {isa = PBXBuildFile; fileRef = 54B13D83149FDD65087E14B1 /* MeetingExportTests.swift */; };
		F1D38B80FE57E75CA2C7E6AD /* DebugResetService.swift in Sources */ = {isa = PBXBuildFile; fileRef = 58896A8B8C1E55CD3727FDD9 /* DebugResetService.swift */; };
		F2B857000B80615D1614BDF7 /* AllTasksView.swift in Sources */ = {isa = PBXBuildFile; fileRef = 7DFA74E7C3434D4ECC2FE504 /* AllTasksView.swift */; };
		F3DCE86023601535F7485EAE /* AIService.swift in Sources */ = {isa = PBXBuildFile; fileRef = F3F38D274FDDCA2B4FA56AF5 /* AIService.swift */; };
		F7052B04A9470FAB71774A26 /* SubtaskViews.swift in Sources */ = {isa = PBXBuildFile; fileRef = 18DC9754F525A9E6432EF404 /* SubtaskViews.swift */; };
		FB42C5F416E59B1994522F34 /* MeetingRetentionServiceTests.swift in Sources */ = {isa = PBXBuildFile; fileRef = A519815D1797F65D2E41CFEB /* MeetingRetentionServiceTests.swift */; };
		BB11223344556677889900BB /* InferenceTypes.swift in Sources */ = {isa = PBXBuildFile; fileRef = AA11223344556677889900AA /* InferenceTypes.swift */; };
		BB11223344556677889901BB /* InferenceProvider.swift in Sources */ = {isa = PBXBuildFile; fileRef = AA11223344556677889901AA /* InferenceProvider.swift */; };
		BB11223344556677889902BB /* OllamaProvider.swift in Sources */ = {isa = PBXBuildFile; fileRef = AA11223344556677889902AA /* OllamaProvider.swift */; };
		BB11223344556677889903BB /* CloudInferenceProviders.swift in Sources */ = {isa = PBXBuildFile; fileRef = AA11223344556677889903AA /* CloudInferenceProviders.swift */; };
		BB11223344556677889904BB /* InferenceWorker.swift in Sources */ = {isa = PBXBuildFile; fileRef = AA11223344556677889904AA /* InferenceWorker.swift */; };
		EE11223344556677889900EE /* AnalysisPerfLogger.swift in Sources */ = {isa = PBXBuildFile; fileRef = DD11223344556677889900DD /* AnalysisPerfLogger.swift */; };
/* End PBXBuildFile section */

/* Begin PBXContainerItemProxy section */
		A05783CAF5B00D9D12554FB5 /* PBXContainerItemProxy */ = {
			isa = PBXContainerItemProxy;
			containerPortal = B138C41DF7435D527C083CAC /* Project object */;
			proxyType = 1;
			remoteGlobalIDString = 49E4F86B93072479D4EA1B79;
			remoteInfo = Orin;
		};
/* End PBXContainerItemProxy section */

/* Begin PBXFileReference section */
		06E4CD4064E434C342284C3A /* TranscriptChunker.swift */ = {isa = PBXFileReference; lastKnownFileType = sourcecode.swift; path = TranscriptChunker.swift; sourceTree = "<group>"; };
		0AC374EE1A366D6EFEF03A32 /* SystemAudioProvider.swift */ = {isa = PBXFileReference; lastKnownFileType = sourcecode.swift; path = SystemAudioProvider.swift; sourceTree = "<group>"; };
		0C55D5D9CBBC26B887358FCD /* RecognitionDiagnostics.swift */ = {isa = PBXFileReference; lastKnownFileType = sourcecode.swift; path = RecognitionDiagnostics.swift; sourceTree = "<group>"; };
		F57B837DBD5A4277B63713B0 /* FeatureFlags.swift */ = {isa = PBXFileReference; lastKnownFileType = sourcecode.swift; path = FeatureFlags.swift; sourceTree = "<group>"; };
		0E7E78CF43C46C926AF9CDB3 /* AssistantService.swift */ = {isa = PBXFileReference; lastKnownFileType = sourcecode.swift; path = AssistantService.swift; sourceTree = "<group>"; };
		11905D79CF2959E679D3581C /* NotificationProvider.swift */ = {isa = PBXFileReference; lastKnownFileType = sourcecode.swift; path = NotificationProvider.swift; sourceTree = "<group>"; };
		12292ACA676648F1418FA029 /* MeetingDataService.swift */ = {isa = PBXFileReference; lastKnownFileType = sourcecode.swift; path = MeetingDataService.swift; sourceTree = "<group>"; };
		123978A06D4345EF01FE2A9B /* OrinApp.swift */ = {isa = PBXFileReference; lastKnownFileType = sourcecode.swift; path = OrinApp.swift; sourceTree = "<group>"; };
		150FC827C1B0A022041C2631 /* MeetingsAuditTests.swift */ = {isa = PBXFileReference; lastKnownFileType = sourcecode.swift; path = MeetingsAuditTests.swift; sourceTree = "<group>"; };
		17957A6F3095A89E86B829A9 /* ConversationTimelineTests.swift */ = {isa = PBXFileReference; lastKnownFileType = sourcecode.swift; path = ConversationTimelineTests.swift; sourceTree = "<group>"; };
		18DC9754F525A9E6432EF404 /* SubtaskViews.swift */ = {isa = PBXFileReference; lastKnownFileType = sourcecode.swift; path = SubtaskViews.swift; sourceTree = "<group>"; };
		1BFD925FB5FE45474C79B0E5 /* AIProviderTests.swift */ = {isa = PBXFileReference; lastKnownFileType = sourcecode.swift; path = AIProviderTests.swift; sourceTree = "<group>"; };
		1C67AF8CA62019954408971C /* OrinLoadingViews.swift */ = {isa = PBXFileReference; lastKnownFileType = sourcecode.swift; path = OrinLoadingViews.swift; sourceTree = "<group>"; };
		1E572BABDFB9A06E71198D2C /* ModelContext+SafeSave.swift */ = {isa = PBXFileReference; lastKnownFileType = sourcecode.swift; path = "ModelContext+SafeSave.swift"; sourceTree = "<group>"; };
		221D1AD3AA465A8CA94DC8D1 /* macOSAccessibilityProvider.swift */ = {isa = PBXFileReference; lastKnownFileType = sourcecode.swift; path = macOSAccessibilityProvider.swift; sourceTree = "<group>"; };
		235DC6A31F8E8F9BC36D7789 /* OrinDesignSystem.swift */ = {isa = PBXFileReference; lastKnownFileType = sourcecode.swift; path = OrinDesignSystem.swift; sourceTree = "<group>"; };
		24558ABC3B62E3E52B4D927F /* ServiceContainer.swift */ = {isa = PBXFileReference; lastKnownFileType = sourcecode.swift; path = ServiceContainer.swift; sourceTree = "<group>"; };
		253900A20A87FAE82EBA328D /* ConversationTimelineBuilder.swift */ = {isa = PBXFileReference; lastKnownFileType = sourcecode.swift; path = ConversationTimelineBuilder.swift; sourceTree = "<group>"; };
		2701BB505DA99B3E8F9D68DC /* FloatingRecordingWidgetWindowManager.swift */ = {isa = PBXFileReference; lastKnownFileType = sourcecode.swift; path = FloatingRecordingWidgetWindowManager.swift; sourceTree = "<group>"; };
		2874D4B9B750A4F9599C0B1C /* RecordingServiceTests.swift */ = {isa = PBXFileReference; lastKnownFileType = sourcecode.swift; path = RecordingServiceTests.swift; sourceTree = "<group>"; };
		294C92315F4ED7A3B79D7222 /* RecordingService.swift */ = {isa = PBXFileReference; lastKnownFileType = sourcecode.swift; path = RecordingService.swift; sourceTree = "<group>"; };
		2A41DEC8DDC8DD82E1994178 /* SourceChannelSpeakerProvider.swift */ = {isa = PBXFileReference; lastKnownFileType = sourcecode.swift; path = SourceChannelSpeakerProvider.swift; sourceTree = "<group>"; };
		2E63FF5AE746654DDC428D70 /* TodayView.swift */ = {isa = PBXFileReference; lastKnownFileType = sourcecode.swift; path = TodayView.swift; sourceTree = "<group>"; };
		2F2CE5D153A026D3D1A2E4C4 /* Orin.app */ = {isa = PBXFileReference; explicitFileType = wrapper.application; includeInIndex = 0; path = Orin.app; sourceTree = BUILT_PRODUCTS_DIR; };
		3170FC950760006E72252C5F /* OrinMenuBarView.swift */ = {isa = PBXFileReference; lastKnownFileType = sourcecode.swift; path = OrinMenuBarView.swift; sourceTree = "<group>"; };
		3828F040BC0839AF6C79C87F /* PriorityStyle.swift */ = {isa = PBXFileReference; lastKnownFileType = sourcecode.swift; path = PriorityStyle.swift; sourceTree = "<group>"; };
		3845A647578C2696C8955A9C /* OrinTests.xctest */ = {isa = PBXFileReference; explicitFileType = wrapper.cfbundle; includeInIndex = 0; path = OrinTests.xctest; sourceTree = BUILT_PRODUCTS_DIR; };
		3A25106AFC089E647B528961 /* AssistantServiceTests.swift */ = {isa = PBXFileReference; lastKnownFileType = sourcecode.swift; path = AssistantServiceTests.swift; sourceTree = "<group>"; };
		3FB92F123AA6A0DD8DE1E4AD /* RecurringMeetingService.swift */ = {isa = PBXFileReference; lastKnownFileType = sourcecode.swift; path = RecurringMeetingService.swift; sourceTree = "<group>"; };
		419C0B2001EEC71F06302C26 /* AIKeychainService.swift */ = {isa = PBXFileReference; lastKnownFileType = sourcecode.swift; path = AIKeychainService.swift; sourceTree = "<group>"; };
		443EA9E91596CAE7700ED234 /* QuickCaptureParser.swift */ = {isa = PBXFileReference; lastKnownFileType = sourcecode.swift; path = QuickCaptureParser.swift; sourceTree = "<group>"; };
		4BE28D0CD82235B798E0983A /* VaultView.swift */ = {isa = PBXFileReference; lastKnownFileType = sourcecode.swift; path = VaultView.swift; sourceTree = "<group>"; };
		4F4BFD83C6956F7CFC3904A1 /* NSPanelOverlayProvider.swift */ = {isa = PBXFileReference; lastKnownFileType = sourcecode.swift; path = NSPanelOverlayProvider.swift; sourceTree = "<group>"; };
		507B33BA862BD013DAEF3139 /* CalendarServiceTests.swift */ = {isa = PBXFileReference; lastKnownFileType = sourcecode.swift; path = CalendarServiceTests.swift; sourceTree = "<group>"; };
		51D0BEEA425390B5B8EC271C /* main.swift */ = {isa = PBXFileReference; lastKnownFileType = sourcecode.swift; path = main.swift; sourceTree = "<group>"; };
		54B13D83149FDD65087E14B1 /* MeetingExportTests.swift */ = {isa = PBXFileReference; lastKnownFileType = sourcecode.swift; path = MeetingExportTests.swift; sourceTree = "<group>"; };
		58896A8B8C1E55CD3727FDD9 /* DebugResetService.swift */ = {isa = PBXFileReference; lastKnownFileType = sourcecode.swift; path = DebugResetService.swift; sourceTree = "<group>"; };
		664B3B78AEA6F8BB2195ADB8 /* AIKeychainServiceTests.swift */ = {isa = PBXFileReference; lastKnownFileType = sourcecode.swift; path = AIKeychainServiceTests.swift; sourceTree = "<group>"; };
		67F416A082DA5D5A03DDF33A /* MainContainerView.swift */ = {isa = PBXFileReference; lastKnownFileType = sourcecode.swift; path = MainContainerView.swift; sourceTree = "<group>"; };
		6996F5B2DA38819EB2621F84 /* MeetingIntelligenceService.swift */ = {isa = PBXFileReference; lastKnownFileType = sourcecode.swift; path = MeetingIntelligenceService.swift; sourceTree = "<group>"; };
		6F6D5F05834B394009D96143 /* OllamaSetupView.swift */ = {isa = PBXFileReference; lastKnownFileType = sourcecode.swift; path = OllamaSetupView.swift; sourceTree = "<group>"; };
		71BE09DABF4D43F1798BF2DF /* MeetingNotificationService.swift */ = {isa = PBXFileReference; lastKnownFileType = sourcecode.swift; path = MeetingNotificationService.swift; sourceTree = "<group>"; };
		7224EF52ECA66FCEFC2532F8 /* MeetingDeletionTests.swift */ = {isa = PBXFileReference; lastKnownFileType = sourcecode.swift; path = MeetingDeletionTests.swift; sourceTree = "<group>"; };
		7D74EF46FF4600B3BEAE0AF5 /* RecurringMeetingTests.swift */ = {isa = PBXFileReference; lastKnownFileType = sourcecode.swift; path = RecurringMeetingTests.swift; sourceTree = "<group>"; };
		7D752B5785E79D4CC20B79AD /* TranscriptStoreTests.swift */ = {isa = PBXFileReference; lastKnownFileType = sourcecode.swift; path = TranscriptStoreTests.swift; sourceTree = "<group>"; };
		7DFA74E7C3434D4ECC2FE504 /* AllTasksView.swift */ = {isa = PBXFileReference; lastKnownFileType = sourcecode.swift; path = AllTasksView.swift; sourceTree = "<group>"; };
		ACC9D17CDB1C473AB5CDEB89 /* ActionItemFilterTests.swift */ = {isa = PBXFileReference; lastKnownFileType = sourcecode.swift; path = ActionItemFilterTests.swift; sourceTree = "<group>"; };
		F2A9C5E8B37D40621AF3D1E9 /* ActionItemSourceTests.swift */ = {isa = PBXFileReference; lastKnownFileType = sourcecode.swift; path = ActionItemSourceTests.swift; sourceTree = "<group>"; };
		7E47CADD33B49C5054CDED5E /* AIAnalysisTests.swift */ = {isa = PBXFileReference; lastKnownFileType = sourcecode.swift; path = AIAnalysisTests.swift; sourceTree = "<group>"; };
		80025ABA474F4BAA712815C4 /* TapState.swift */ = {isa = PBXFileReference; lastKnownFileType = sourcecode.swift; path = TapState.swift; sourceTree = "<group>"; };
		851D9BE179848A60073DE00F /* LoginItemService.swift */ = {isa = PBXFileReference; lastKnownFileType = sourcecode.swift; path = LoginItemService.swift; sourceTree = "<group>"; };
		852A1F94F61BA3A76C924024 /* CalendarView.swift */ = {isa = PBXFileReference; lastKnownFileType = sourcecode.swift; path = CalendarView.swift; sourceTree = "<group>"; };
		872AB7805980C0ECE87011B3 /* DailyBriefService.swift */ = {isa = PBXFileReference; lastKnownFileType = sourcecode.swift; path = DailyBriefService.swift; sourceTree = "<group>"; };
		8B1EBA9F88D8CE1329DF86FE /* QuickCaptureParserTests.swift */ = {isa = PBXFileReference; lastKnownFileType = sourcecode.swift; path = QuickCaptureParserTests.swift; sourceTree = "<group>"; };
		8CD5CFDCAA98CD8934454AFC /* VaultRecoveryViews.swift */ = {isa = PBXFileReference; lastKnownFileType = sourcecode.swift; path = VaultRecoveryViews.swift; sourceTree = "<group>"; };
		8DD0072C181C86E6573956E6 /* OnboardingView.swift */ = {isa = PBXFileReference; lastKnownFileType = sourcecode.swift; path = OnboardingView.swift; sourceTree = "<group>"; };
		8E38499508BBC866121E1F80 /* OllamaInstallerService.swift */ = {isa = PBXFileReference; lastKnownFileType = sourcecode.swift; path = OllamaInstallerService.swift; sourceTree = "<group>"; };
		8E3F55E6C9F42F11F080D018 /* MeetingRetentionService.swift */ = {isa = PBXFileReference; lastKnownFileType = sourcecode.swift; path = MeetingRetentionService.swift; sourceTree = "<group>"; };
		94B9556EE44C555E2A084F6E /* OrinAppIntents.swift */ = {isa = PBXFileReference; lastKnownFileType = sourcecode.swift; path = OrinAppIntents.swift; sourceTree = "<group>"; };
		96F4F970C8EDDBC402D5032A /* MeetingDetectorServiceTests.swift */ = {isa = PBXFileReference; lastKnownFileType = sourcecode.swift; path = MeetingDetectorServiceTests.swift; sourceTree = "<group>"; };
		9783FE84726C66CE8567AFF9 /* SettingsView.swift */ = {isa = PBXFileReference; lastKnownFileType = sourcecode.swift; path = SettingsView.swift; sourceTree = "<group>"; };
		97D81766A517328A38CE1B7A /* SystemAudioCaptureService.swift */ = {isa = PBXFileReference; lastKnownFileType = sourcecode.swift; path = SystemAudioCaptureService.swift; sourceTree = "<group>"; };
		F3A7D2E891C4B5067B2E3F1A /* VocabularyProvider.swift */ = {isa = PBXFileReference; lastKnownFileType = sourcecode.swift; path = VocabularyProvider.swift; sourceTree = "<group>"; };
		9E0206D0366B05401AAE9A24 /* CalendarService.swift */ = {isa = PBXFileReference; lastKnownFileType = sourcecode.swift; path = CalendarService.swift; sourceTree = "<group>"; };
		A14FBA9CA7EBFE84C7062F7F /* RolloverEngine.swift */ = {isa = PBXFileReference; lastKnownFileType = sourcecode.swift; path = RolloverEngine.swift; sourceTree = "<group>"; };
		A1CF1F956C71E9C7B450923A /* FolderSummaryService.swift */ = {isa = PBXFileReference; lastKnownFileType = sourcecode.swift; path = FolderSummaryService.swift; sourceTree = "<group>"; };
		A519815D1797F65D2E41CFEB /* MeetingRetentionServiceTests.swift */ = {isa = PBXFileReference; lastKnownFileType = sourcecode.swift; path = MeetingRetentionServiceTests.swift; sourceTree = "<group>"; };
		A5AE9F0CA74E6690A7D43EF2 /* VaultServiceTests.swift */ = {isa = PBXFileReference; lastKnownFileType = sourcecode.swift; path = VaultServiceTests.swift; sourceTree = "<group>"; };
		A5F65B2EDDB3D76923EF34A3 /* AccessibilityProvider.swift */ = {isa = PBXFileReference; lastKnownFileType = sourcecode.swift; path = AccessibilityProvider.swift; sourceTree = "<group>"; };
		A78171A0ABE98ECFFF7EDF4B /* ReflowEngine.swift */ = {isa = PBXFileReference; lastKnownFileType = sourcecode.swift; path = ReflowEngine.swift; sourceTree = "<group>"; };
		A8DF058290B0C5BC9569C5B8 /* RecordingWidgetView.swift */ = {isa = PBXFileReference; lastKnownFileType = sourcecode.swift; path = RecordingWidgetView.swift; sourceTree = "<group>"; };
		A9E5BF53174598B74B658427 /* ErrorManager.swift */ = {isa = PBXFileReference; lastKnownFileType = sourcecode.swift; path = ErrorManager.swift; sourceTree = "<group>"; };
		AD351B6164FFDB745DC81D32 /* VaultService.swift */ = {isa = PBXFileReference; lastKnownFileType = sourcecode.swift; path = VaultService.swift; sourceTree = "<group>"; };
		AE1B657B52B03300F5D101AF /* AIProviderTestService.swift */ = {isa = PBXFileReference; lastKnownFileType = sourcecode.swift; path = AIProviderTestService.swift; sourceTree = "<group>"; };
		B121092445F469F8F590EE0D /* LongContextTests.swift */ = {isa = PBXFileReference; lastKnownFileType = sourcecode.swift; path = LongContextTests.swift; sourceTree = "<group>"; };
		B12EC7167FAA39D86E2DA11D /* MeetingDetectorService.swift */ = {isa = PBXFileReference; lastKnownFileType = sourcecode.swift; path = MeetingDetectorService.swift; sourceTree = "<group>"; };
		B4A70BE2C52839436CB592D1 /* EventKitCalendarProvider.swift */ = {isa = PBXFileReference; lastKnownFileType = sourcecode.swift; path = EventKitCalendarProvider.swift; sourceTree = "<group>"; };
		B6CB98A7A8B1D5E5DF79D1ED /* OllamaSetupServiceTests.swift */ = {isa = PBXFileReference; lastKnownFileType = sourcecode.swift; path = OllamaSetupServiceTests.swift; sourceTree = "<group>"; };
		BA7C2C53D21A65ABC81F4C07 /* TaskEditorView.swift */ = {isa = PBXFileReference; lastKnownFileType = sourcecode.swift; path = TaskEditorView.swift; sourceTree = "<group>"; };
		C1D7BF82E6A3050C2F7F774A /* PlaceholderModuleView.swift */ = {isa = PBXFileReference; lastKnownFileType = sourcecode.swift; path = PlaceholderModuleView.swift; sourceTree = "<group>"; };
		C214B3F85F40150D00F76455 /* RolloverEngineTests.swift */ = {isa = PBXFileReference; lastKnownFileType = sourcecode.swift; path = RolloverEngineTests.swift; sourceTree = "<group>"; };
		C6D071967F2E106EC4AA9390 /* AutomationPermissionTests.swift */ = {isa = PBXFileReference; lastKnownFileType = sourcecode.swift; path = AutomationPermissionTests.swift; sourceTree = "<group>"; };
		CB965CFEFA415C6324DBDB15 /* QuickCaptureWindowManager.swift */ = {isa = PBXFileReference; lastKnownFileType = sourcecode.swift; path = QuickCaptureWindowManager.swift; sourceTree = "<group>"; };
		CC2C31077570EADABCF4F5D0 /* TaskRowView.swift */ = {isa = PBXFileReference; lastKnownFileType = sourcecode.swift; path = TaskRowView.swift; sourceTree = "<group>"; };
		CEA78A869B1CE0ED179EB718 /* DebugResetView.swift */ = {isa = PBXFileReference; lastKnownFileType = sourcecode.swift; path = DebugResetView.swift; sourceTree = "<group>"; };
		CEA851E5261D2FFFF35103DC /* ErrorToastView.swift */ = {isa = PBXFileReference; lastKnownFileType = sourcecode.swift; path = ErrorToastView.swift; sourceTree = "<group>"; };
		CF3A1EB26DCFA84ACC8B9933 /* WhisperTranscriptionService.swift */ = {isa = PBXFileReference; lastKnownFileType = sourcecode.swift; path = WhisperTranscriptionService.swift; sourceTree = "<group>"; };
		D062D5F4024CEDE2087E5629 /* URLSchemeTests.swift */ = {isa = PBXFileReference; lastKnownFileType = sourcecode.swift; path = URLSchemeTests.swift; sourceTree = "<group>"; };
		D186A2AB4887DC201AE619B7 /* SCKitSystemAudioProvider.swift */ = {isa = PBXFileReference; lastKnownFileType = sourcecode.swift; path = SCKitSystemAudioProvider.swift; sourceTree = "<group>"; };
		D1B0C2173BDDA0B57616C239 /* ErrorModalView.swift */ = {isa = PBXFileReference; lastKnownFileType = sourcecode.swift; path = ErrorModalView.swift; sourceTree = "<group>"; };
		D5438670DE254E8520097BAD /* VoiceCommandService.swift */ = {isa = PBXFileReference; lastKnownFileType = sourcecode.swift; path = VoiceCommandService.swift; sourceTree = "<group>"; };
		D7E0882BACD5D48B5E035722 /* BacklogView.swift */ = {isa = PBXFileReference; lastKnownFileType = sourcecode.swift; path = BacklogView.swift; sourceTree = "<group>"; };
		DC4220E4E639568B6AFCAD17 /* OverlayProvider.swift */ = {isa = PBXFileReference; lastKnownFileType = sourcecode.swift; path = OverlayProvider.swift; sourceTree = "<group>"; };
		DD7A85A436BEDD4A27D60331 /* OrinModels.swift */ = {isa = PBXFileReference; lastKnownFileType = sourcecode.swift; path = OrinModels.swift; sourceTree = "<group>"; };
		DE18E5B5C89DC528CD65B996 /* DiarizationProvider.swift */ = {isa = PBXFileReference; lastKnownFileType = sourcecode.swift; path = DiarizationProvider.swift; sourceTree = "<group>"; };
		DF24AD348FFD3F5C712902D4 /* SessionLogger.swift */ = {isa = PBXFileReference; lastKnownFileType = sourcecode.swift; path = SessionLogger.swift; sourceTree = "<group>"; };
		E07D1C0B99B94529F80CE7B8 /* MeetingsView.swift */ = {isa = PBXFileReference; lastKnownFileType = sourcecode.swift; path = MeetingsView.swift; sourceTree = "<group>"; };
		E2C29FC08912CA110228545E /* MeetingProviderTypes.swift */ = {isa = PBXFileReference; lastKnownFileType = sourcecode.swift; path = MeetingProviderTypes.swift; sourceTree = "<group>"; };
		EE7024A35009A41633374520 /* CalendarProvider.swift */ = {isa = PBXFileReference; lastKnownFileType = sourcecode.swift; path = CalendarProvider.swift; sourceTree = "<group>"; };
		EF4616D86E866C525734D4E9 /* TranscriptStore.swift */ = {isa = PBXFileReference; lastKnownFileType = sourcecode.swift; path = TranscriptStore.swift; sourceTree = "<group>"; };
		F3F38D274FDDCA2B4FA56AF5 /* AIService.swift */ = {isa = PBXFileReference; lastKnownFileType = sourcecode.swift; path = AIService.swift; sourceTree = "<group>"; };
		AA11223344556677889900AA /* InferenceTypes.swift */ = {isa = PBXFileReference; lastKnownFileType = sourcecode.swift; path = InferenceTypes.swift; sourceTree = "<group>"; };
		AA11223344556677889901AA /* InferenceProvider.swift */ = {isa = PBXFileReference; lastKnownFileType = sourcecode.swift; path = InferenceProvider.swift; sourceTree = "<group>"; };
		AA11223344556677889902AA /* OllamaProvider.swift */ = {isa = PBXFileReference; lastKnownFileType = sourcecode.swift; path = OllamaProvider.swift; sourceTree = "<group>"; };
		AA11223344556677889903AA /* CloudInferenceProviders.swift */ = {isa = PBXFileReference; lastKnownFileType = sourcecode.swift; path = CloudInferenceProviders.swift; sourceTree = "<group>"; };
		AA11223344556677889904AA /* InferenceWorker.swift */ = {isa = PBXFileReference; lastKnownFileType = sourcecode.swift; path = InferenceWorker.swift; sourceTree = "<group>"; };
		DD11223344556677889900DD /* AnalysisPerfLogger.swift */ = {isa = PBXFileReference; lastKnownFileType = sourcecode.swift; path = AnalysisPerfLogger.swift; sourceTree = "<group>"; };
/* End PBXFileReference section */

/* Begin PBXGroup section */
		072460EAE178B1EFA0DD8BE0 /* QuickCapture */ = {
			isa = PBXGroup;
			children = (
				443EA9E91596CAE7700ED234 /* QuickCaptureParser.swift */,
				CB965CFEFA415C6324DBDB15 /* QuickCaptureWindowManager.swift */,
			);
			path = QuickCapture;
			sourceTree = "<group>";
		};
		0A9D147506017294092048EF /* Meetings */ = {
			isa = PBXGroup;
			children = (
				E07D1C0B99B94529F80CE7B8 /* MeetingsView.swift */,
			);
			path = Meetings;
			sourceTree = "<group>";
		};
		0B4F973B9C156D6176A698C3 /* Vault */ = {
			isa = PBXGroup;
			children = (
				8CD5CFDCAA98CD8934454AFC /* VaultRecoveryViews.swift */,
				4BE28D0CD82235B798E0983A /* VaultView.swift */,
			);
			path = Vault;
			sourceTree = "<group>";
		};
		1DF29CCBD2065E2FF16EF9FA /* Backlog */ = {
			isa = PBXGroup;
			children = (
				D7E0882BACD5D48B5E035722 /* BacklogView.swift */,
			);
			path = Backlog;
			sourceTree = "<group>";
		};
		233B77AFF7716A78C466C788 /* OrinTests */ = {
			isa = PBXGroup;
			children = (
				ACC9D17CDB1C473AB5CDEB89 /* ActionItemFilterTests.swift */,
				F2A9C5E8B37D40621AF3D1E9 /* ActionItemSourceTests.swift */,
				7E47CADD33B49C5054CDED5E /* AIAnalysisTests.swift */,
				664B3B78AEA6F8BB2195ADB8 /* AIKeychainServiceTests.swift */,
				1BFD925FB5FE45474C79B0E5 /* AIProviderTests.swift */,
				3A25106AFC089E647B528961 /* AssistantServiceTests.swift */,
				C6D071967F2E106EC4AA9390 /* AutomationPermissionTests.swift */,
				507B33BA862BD013DAEF3139 /* CalendarServiceTests.swift */,
				17957A6F3095A89E86B829A9 /* ConversationTimelineTests.swift */,
				B121092445F469F8F590EE0D /* LongContextTests.swift */,
				7224EF52ECA66FCEFC2532F8 /* MeetingDeletionTests.swift */,
				96F4F970C8EDDBC402D5032A /* MeetingDetectorServiceTests.swift */,
				54B13D83149FDD65087E14B1 /* MeetingExportTests.swift */,
				A519815D1797F65D2E41CFEB /* MeetingRetentionServiceTests.swift */,
				150FC827C1B0A022041C2631 /* MeetingsAuditTests.swift */,
				B6CB98A7A8B1D5E5DF79D1ED /* OllamaSetupServiceTests.swift */,
				8B1EBA9F88D8CE1329DF86FE /* QuickCaptureParserTests.swift */,
				2874D4B9B750A4F9599C0B1C /* RecordingServiceTests.swift */,
				7D74EF46FF4600B3BEAE0AF5 /* RecurringMeetingTests.swift */,
				C214B3F85F40150D00F76455 /* RolloverEngineTests.swift */,
				7D752B5785E79D4CC20B79AD /* TranscriptStoreTests.swift */,
				D062D5F4024CEDE2087E5629 /* URLSchemeTests.swift */,
				A5AE9F0CA74E6690A7D43EF2 /* VaultServiceTests.swift */,
			);
			path = OrinTests;
			sourceTree = "<group>";
		};
		4280207090B7CF259FBFCB09 /* Onboarding */ = {
			isa = PBXGroup;
			children = (
				6F6D5F05834B394009D96143 /* OllamaSetupView.swift */,
				8DD0072C181C86E6573956E6 /* OnboardingView.swift */,
			);
			path = Onboarding;
			sourceTree = "<group>";
		};
		465A6B13A28285483890FA6F /* Calendar */ = {
			isa = PBXGroup;
			children = (
				852A1F94F61BA3A76C924024 /* CalendarView.swift */,
			);
			path = Calendar;
			sourceTree = "<group>";
		};
		5C35D4CF8B4157F1DFEA3E27 /* Views */ = {
			isa = PBXGroup;
			children = (
				67F416A082DA5D5A03DDF33A /* MainContainerView.swift */,
				3170FC950760006E72252C5F /* OrinMenuBarView.swift */,
				1DF29CCBD2065E2FF16EF9FA /* Backlog */,
				465A6B13A28285483890FA6F /* Calendar */,
				0A9D147506017294092048EF /* Meetings */,
				4280207090B7CF259FBFCB09 /* Onboarding */,
				9842EB6F6E1837FEE4DE540B /* Settings */,
				D55025364CBE974F3E8D089A /* Shared */,
				B5EE7B3FBD97140821E7E0A6 /* Tasks */,
				0B4F973B9C156D6176A698C3 /* Vault */,
			);
			path = Views;
			sourceTree = "<group>";
		};
		67CA230FEFAA986DF92DD8B7 /* Providers */ = {
			isa = PBXGroup;
			children = (
				FEB0FAD3BC20172C1AD8D414 /* macOS */,
				8E43116EA6704EE909EF399C /* Protocols */,
			);
			path = Providers;
			sourceTree = "<group>";
		};
		68C2DB62B2A98E45241D7D54 /* Sources */ = {
			isa = PBXGroup;
			children = (
				85DFC259973FA78979418B46 /* Orin */,
			);
			path = Sources;
			sourceTree = "<group>";
		};
		85DFC259973FA78979418B46 /* Orin */ = {
			isa = PBXGroup;
			children = (
				C04525DE4EB99D9A6C92002C /* App */,
				9CE874C63A575081A9550F40 /* Developer */,
				E3711728141F829DD146FEBD /* Extensions */,
				EA3D6109AD4ADB9D885DDC9D /* Models */,
				67CA230FEFAA986DF92DD8B7 /* Providers */,
				072460EAE178B1EFA0DD8BE0 /* QuickCapture */,
				89BBAF754D894BDB3611D524 /* Services */,
				5C35D4CF8B4157F1DFEA3E27 /* Views */,
			);
			path = Orin;
			sourceTree = "<group>";
		};
		89BBAF754D894BDB3611D524 /* Services */ = {
			isa = PBXGroup;
			children = (
				419C0B2001EEC71F06302C26 /* AIKeychainService.swift */,
				AE1B657B52B03300F5D101AF /* AIProviderTestService.swift */,
				F3F38D274FDDCA2B4FA56AF5 /* AIService.swift */,
				CC11223344556677889900CC /* Inference */,
				0E7E78CF43C46C926AF9CDB3 /* AssistantService.swift */,
				9E0206D0366B05401AAE9A24 /* CalendarService.swift */,
				253900A20A87FAE82EBA328D /* ConversationTimelineBuilder.swift */,
				872AB7805980C0ECE87011B3 /* DailyBriefService.swift */,
				A9E5BF53174598B74B658427 /* ErrorManager.swift */,
				2701BB505DA99B3E8F9D68DC /* FloatingRecordingWidgetWindowManager.swift */,
				A1CF1F956C71E9C7B450923A /* FolderSummaryService.swift */,
				851D9BE179848A60073DE00F /* LoginItemService.swift */,
				12292ACA676648F1418FA029 /* MeetingDataService.swift */,
				B12EC7167FAA39D86E2DA11D /* MeetingDetectorService.swift */,
				6996F5B2DA38819EB2621F84 /* MeetingIntelligenceService.swift */,
				71BE09DABF4D43F1798BF2DF /* MeetingNotificationService.swift */,
				8E3F55E6C9F42F11F080D018 /* MeetingRetentionService.swift */,
				8E38499508BBC866121E1F80 /* OllamaInstallerService.swift */,
				0C55D5D9CBBC26B887358FCD /* RecognitionDiagnostics.swift */,
				294C92315F4ED7A3B79D7222 /* RecordingService.swift */,
				F57B837DBD5A4277B63713B0 /* FeatureFlags.swift */,
				3FB92F123AA6A0DD8DE1E4AD /* RecurringMeetingService.swift */,
				A78171A0ABE98ECFFF7EDF4B /* ReflowEngine.swift */,
				A14FBA9CA7EBFE84C7062F7F /* RolloverEngine.swift */,
				DF24AD348FFD3F5C712902D4 /* SessionLogger.swift */,
				DD11223344556677889900DD /* AnalysisPerfLogger.swift */,
				97D81766A517328A38CE1B7A /* SystemAudioCaptureService.swift */,
				F3A7D2E891C4B5067B2E3F1A /* VocabularyProvider.swift */,
				80025ABA474F4BAA712815C4 /* TapState.swift */,
				06E4CD4064E434C342284C3A /* TranscriptChunker.swift */,
				EF4616D86E866C525734D4E9 /* TranscriptStore.swift */,
				AD351B6164FFDB745DC81D32 /* VaultService.swift */,
				D5438670DE254E8520097BAD /* VoiceCommandService.swift */,
				CF3A1EB26DCFA84ACC8B9933 /* WhisperTranscriptionService.swift */,
			);
			path = Services;
			sourceTree = "<group>";
		};
		8E43116EA6704EE909EF399C /* Protocols */ = {
			isa = PBXGroup;
			children = (
				A5F65B2EDDB3D76923EF34A3 /* AccessibilityProvider.swift */,
				EE7024A35009A41633374520 /* CalendarProvider.swift */,
				DE18E5B5C89DC528CD65B996 /* DiarizationProvider.swift */,
				E2C29FC08912CA110228545E /* MeetingProviderTypes.swift */,
				11905D79CF2959E679D3581C /* NotificationProvider.swift */,
				DC4220E4E639568B6AFCAD17 /* OverlayProvider.swift */,
				0AC374EE1A366D6EFEF03A32 /* SystemAudioProvider.swift */,
			);
			path = Protocols;
			sourceTree = "<group>";
		};
		97019CE8C5B4615C33DA3F3C /* Tests */ = {
			isa = PBXGroup;
			children = (
				233B77AFF7716A78C466C788 /* OrinTests */,
			);
			path = Tests;
			sourceTree = "<group>";
		};
		9842EB6F6E1837FEE4DE540B /* Settings */ = {
			isa = PBXGroup;
			children = (
				9783FE84726C66CE8567AFF9 /* SettingsView.swift */,
			);
			path = Settings;
			sourceTree = "<group>";
		};
		9CE874C63A575081A9550F40 /* Developer */ = {
			isa = PBXGroup;
			children = (
				58896A8B8C1E55CD3727FDD9 /* DebugResetService.swift */,
				CEA78A869B1CE0ED179EB718 /* DebugResetView.swift */,
			);
			path = Developer;
			sourceTree = "<group>";
		};
		B5EE7B3FBD97140821E7E0A6 /* Tasks */ = {
			isa = PBXGroup;
			children = (
				7DFA74E7C3434D4ECC2FE504 /* AllTasksView.swift */,
				BA7C2C53D21A65ABC81F4C07 /* TaskEditorView.swift */,
				CC2C31077570EADABCF4F5D0 /* TaskRowView.swift */,
				2E63FF5AE746654DDC428D70 /* TodayView.swift */,
			);
			path = Tasks;
			sourceTree = "<group>";
		};
		BB07182B706BBDE4AA4C5203 /* Products */ = {
			isa = PBXGroup;
			children = (
				2F2CE5D153A026D3D1A2E4C4 /* Orin.app */,
				3845A647578C2696C8955A9C /* OrinTests.xctest */,
			);
			name = Products;
			sourceTree = "<group>";
		};
		C04525DE4EB99D9A6C92002C /* App */ = {
			isa = PBXGroup;
			children = (
				51D0BEEA425390B5B8EC271C /* main.swift */,
				123978A06D4345EF01FE2A9B /* OrinApp.swift */,
				94B9556EE44C555E2A084F6E /* OrinAppIntents.swift */,
				24558ABC3B62E3E52B4D927F /* ServiceContainer.swift */,
			);
			path = App;
			sourceTree = "<group>";
		};
		D55025364CBE974F3E8D089A /* Shared */ = {
			isa = PBXGroup;
			children = (
				D1B0C2173BDDA0B57616C239 /* ErrorModalView.swift */,
				CEA851E5261D2FFFF35103DC /* ErrorToastView.swift */,
				235DC6A31F8E8F9BC36D7789 /* OrinDesignSystem.swift */,
				1C67AF8CA62019954408971C /* OrinLoadingViews.swift */,
				C1D7BF82E6A3050C2F7F774A /* PlaceholderModuleView.swift */,
				3828F040BC0839AF6C79C87F /* PriorityStyle.swift */,
				A8DF058290B0C5BC9569C5B8 /* RecordingWidgetView.swift */,
				18DC9754F525A9E6432EF404 /* SubtaskViews.swift */,
			);
			path = Shared;
			sourceTree = "<group>";
		};
		E3711728141F829DD146FEBD /* Extensions */ = {
			isa = PBXGroup;
			children = (
				1E572BABDFB9A06E71198D2C /* ModelContext+SafeSave.swift */,
			);
			path = Extensions;
			sourceTree = "<group>";
		};
		E594415C913BC9A5788DE4B2 = {
			isa = PBXGroup;
			children = (
				68C2DB62B2A98E45241D7D54 /* Sources */,
				97019CE8C5B4615C33DA3F3C /* Tests */,
				BB07182B706BBDE4AA4C5203 /* Products */,
			);
			sourceTree = "<group>";
		};
		EA3D6109AD4ADB9D885DDC9D /* Models */ = {
			isa = PBXGroup;
			children = (
				DD7A85A436BEDD4A27D60331 /* OrinModels.swift */,
			);
			path = Models;
			sourceTree = "<group>";
		};
		FEB0FAD3BC20172C1AD8D414 /* macOS */ = {
			isa = PBXGroup;
			children = (
				B4A70BE2C52839436CB592D1 /* EventKitCalendarProvider.swift */,
				221D1AD3AA465A8CA94DC8D1 /* macOSAccessibilityProvider.swift */,
				4F4BFD83C6956F7CFC3904A1 /* NSPanelOverlayProvider.swift */,
				D186A2AB4887DC201AE619B7 /* SCKitSystemAudioProvider.swift */,
				2A41DEC8DDC8DD82E1994178 /* SourceChannelSpeakerProvider.swift */,
			);
			path = macOS;
			sourceTree = "<group>";
		};
		CC11223344556677889900CC /* Inference */ = {
			isa = PBXGroup;
			children = (
				AA11223344556677889900AA /* InferenceTypes.swift */,
				AA11223344556677889901AA /* InferenceProvider.swift */,
				AA11223344556677889902AA /* OllamaProvider.swift */,
				AA11223344556677889903AA /* CloudInferenceProviders.swift */,
				AA11223344556677889904AA /* InferenceWorker.swift */,
			);
			path = Inference;
			sourceTree = "<group>";
		};
/* End PBXGroup section */

/* Begin PBXNativeTarget section */
		49E4F86B93072479D4EA1B79 /* Orin */ = {
			isa = PBXNativeTarget;
			buildConfigurationList = B9360BFF0E50CB8608A1FF8B /* Build configuration list for PBXNativeTarget "Orin" */;
			buildPhases = (
				060769636F0DC22C91B6216C /* Sources */,
			);
			buildRules = (
			);
			dependencies = (
			);
			name = Orin;
			packageProductDependencies = (
			);
			productName = Orin;
			productReference = 2F2CE5D153A026D3D1A2E4C4 /* Orin.app */;
			productType = "com.apple.product-type.application";
		};
		627FE027B4F08F7C5630B7C9 /* OrinTests */ = {
			isa = PBXNativeTarget;
			buildConfigurationList = 4B174444FAFF500BF0DBDE0C /* Build configuration list for PBXNativeTarget "OrinTests" */;
			buildPhases = (
				8CC246D8DCF14325E60FF109 /* Sources */,
			);
			buildRules = (
			);
			dependencies = (
				F33E83AC42CB88246778B2E9 /* PBXTargetDependency */,
			);
			name = OrinTests;
			packageProductDependencies = (
			);
			productName = OrinTests;
			productReference = 3845A647578C2696C8955A9C /* OrinTests.xctest */;
			productType = "com.apple.product-type.bundle.unit-test";
		};
/* End PBXNativeTarget section */

/* Begin PBXProject section */
		B138C41DF7435D527C083CAC /* Project object */ = {
			isa = PBXProject;
			attributes = {
				BuildIndependentTargetsInParallel = YES;
				LastUpgradeCheck = 1540;
				TargetAttributes = {
					49E4F86B93072479D4EA1B79 = {
						ProvisioningStyle = Automatic;
					};
					627FE027B4F08F7C5630B7C9 = {
						ProvisioningStyle = Automatic;
					};
				};
			};
			buildConfigurationList = 09574FF27470C9DF2B04D001 /* Build configuration list for PBXProject "Orin" */;
			developmentRegion = en;
			hasScannedForEncodings = 0;
			knownRegions = (
				Base,
				en,
			);
			mainGroup = E594415C913BC9A5788DE4B2;
			minimizedProjectReferenceProxies = 1;
			preferredProjectObjectVersion = 77;
			productRefGroup = BB07182B706BBDE4AA4C5203 /* Products */;
			projectDirPath = "";
			projectRoot = "";
			targets = (
				49E4F86B93072479D4EA1B79 /* Orin */,
				627FE027B4F08F7C5630B7C9 /* OrinTests */,
			);
		};
/* End PBXProject section */

/* Begin PBXSourcesBuildPhase section */
		060769636F0DC22C91B6216C /* Sources */ = {
			isa = PBXSourcesBuildPhase;
			buildActionMask = 2147483647;
			files = (
				84F58F415CD031675D735A72 /* AIKeychainService.swift in Sources */,
				55C540FA8DDC27A0101F9F4D /* AIProviderTestService.swift in Sources */,
				F3DCE86023601535F7485EAE /* AIService.swift in Sources */,
				BB11223344556677889900BB /* InferenceTypes.swift in Sources */,
				BB11223344556677889901BB /* InferenceProvider.swift in Sources */,
				BB11223344556677889902BB /* OllamaProvider.swift in Sources */,
				BB11223344556677889903BB /* CloudInferenceProviders.swift in Sources */,
				BB11223344556677889904BB /* InferenceWorker.swift in Sources */,
				97D69830053A3DD56AA30A05 /* AccessibilityProvider.swift in Sources */,
				F2B857000B80615D1614BDF7 /* AllTasksView.swift in Sources */,
				9B1484778A294010459993C6 /* AssistantService.swift in Sources */,
				7A2380119AE2C3B8CAF4D736 /* BacklogView.swift in Sources */,
				0765FC349AF0959E7B64F1F1 /* CalendarProvider.swift in Sources */,
				B4394AB0B28A590D98B9F5AB /* CalendarService.swift in Sources */,
				0D721D1D3550B57F20CA3A2B /* CalendarView.swift in Sources */,
				0E47414B32C82AA18B8C7BEF /* ConversationTimelineBuilder.swift in Sources */,
				1B88018839A70467B8F9F7E8 /* DailyBriefService.swift in Sources */,
				F1D38B80FE57E75CA2C7E6AD /* DebugResetService.swift in Sources */,
				3E3DBB88551F6601D768FED2 /* DebugResetView.swift in Sources */,
				EC0A4B9227141F910A08AA22 /* DiarizationProvider.swift in Sources */,
				8559C99C9308868B0BAEA091 /* ErrorManager.swift in Sources */,
				56D7009D149DE99AEA31D1EE /* ErrorModalView.swift in Sources */,
				8799A40862B8CE79F90C7FBD /* ErrorToastView.swift in Sources */,
				5D8D7D055C0F49E47193D09B /* EventKitCalendarProvider.swift in Sources */,
				658EB7D9B6504DC9873473CD /* FloatingRecordingWidgetWindowManager.swift in Sources */,
				591F79EE41C2D3E8308AFA4B /* FolderSummaryService.swift in Sources */,
				C257C90B995AAFB909340151 /* LoginItemService.swift in Sources */,
				13DD231179F3C25625E5ABA4 /* MainContainerView.swift in Sources */,
				33F24D0AB5A5AAAB8F964296 /* MeetingDataService.swift in Sources */,
				CD2EE644CD40D9617F7595E7 /* MeetingDetectorService.swift in Sources */,
				DFADCF795C380DA7C5D7B06B /* MeetingIntelligenceService.swift in Sources */,
				41F4129A8CE8465747700EFD /* MeetingNotificationService.swift in Sources */,
				E910E9363A0FE38F9E53680A /* MeetingProviderTypes.swift in Sources */,
				6F4802481BE0C2AF5490B8A2 /* MeetingRetentionService.swift in Sources */,
				A646A587F6E344260CFA72DA /* MeetingsView.swift in Sources */,
				71BFA8C8BC1EA84F6112E391 /* ModelContext+SafeSave.swift in Sources */,
				16E2837312FAE3FE021AB3F9 /* NSPanelOverlayProvider.swift in Sources */,
				62939EA46F8C7F044E1343A5 /* NotificationProvider.swift in Sources */,
				8DC903E4C6612D8CE9D875B2 /* OllamaInstallerService.swift in Sources */,
				6FE14B36F7A7E6FE97686FF0 /* OllamaSetupView.swift in Sources */,
				0068E65BB63772EC91AD7DEB /* OnboardingView.swift in Sources */,
				A559F24FF52E990EE76ED46C /* OrinApp.swift in Sources */,
				C135559B284815EBD5D4C7D8 /* OrinAppIntents.swift in Sources */,
				B8EE12B885B42CB4932248D2 /* OrinDesignSystem.swift in Sources */,
				A5A91456689948B1308EB3D3 /* OrinLoadingViews.swift in Sources */,
				444D69E6A941E1EB774561B9 /* OrinMenuBarView.swift in Sources */,
				0EF4A14A18D8C1807903BFB5 /* OrinModels.swift in Sources */,
				5CCB9FB98785E5DCCB821F4C /* OverlayProvider.swift in Sources */,
				88F38283F83FFC0A1FADF4D4 /* PlaceholderModuleView.swift in Sources */,
				4D1C008BC326D75DB57D18EF /* PriorityStyle.swift in Sources */,
				5BFFEF91D0284E5BD5ABDFBC /* QuickCaptureParser.swift in Sources */,
				197EC57F8979FBB04E969C32 /* QuickCaptureWindowManager.swift in Sources */,
				526A109F144BD83D7194BA39 /* RecognitionDiagnostics.swift in Sources */,
				82C57AE4B0C8F8F70A4336E9 /* RecordingService.swift in Sources */,
				86469E4014384CE185961F25 /* FeatureFlags.swift in Sources */,
				DA8C749B2A705519A6DEF180 /* RecordingWidgetView.swift in Sources */,
				49418D23368279A4A7DE478A /* RecurringMeetingService.swift in Sources */,
				72B28BA440B4577A923591F7 /* ReflowEngine.swift in Sources */,
				A0B3B904421F9383B0BB63DF /* RolloverEngine.swift in Sources */,
				91671C715D26FE58663AB01E /* SCKitSystemAudioProvider.swift in Sources */,
				0FD53F32D188FC8EBA87E916 /* ServiceContainer.swift in Sources */,
				25DC8730674D167DD0832FE0 /* SessionLogger.swift in Sources */,
				EE11223344556677889900EE /* AnalysisPerfLogger.swift in Sources */,
				DB958B769923F4167AA575AA /* SettingsView.swift in Sources */,
				AD41317432DD47CDBCD9D4AD /* SourceChannelSpeakerProvider.swift in Sources */,
				F7052B04A9470FAB71774A26 /* SubtaskViews.swift in Sources */,
				C204E6B52260633CC82A5FAA /* SystemAudioCaptureService.swift in Sources */,
				E9B4C12347D0F8526B4E91C8 /* VocabularyProvider.swift in Sources */,
				C9CA091F2C913D6C2FA8F78A /* SystemAudioProvider.swift in Sources */,
				B85ABFE368558ACC3C4A5AB4 /* TapState.swift in Sources */,
				EA9C6EF921FD8FA4C5C0B460 /* TaskEditorView.swift in Sources */,
				B96267B29723B73EF8F003B0 /* TaskRowView.swift in Sources */,
				91FF687CEC814F6FFAD88B85 /* TodayView.swift in Sources */,
				90371D2A180EAD70C27F3972 /* TranscriptChunker.swift in Sources */,
				25C8AF165FF7399B7D9D23A1 /* TranscriptStore.swift in Sources */,
				BD4817E71EC1BA6A01A30C64 /* VaultRecoveryViews.swift in Sources */,
				C59E2B31364A54F48331A656 /* VaultService.swift in Sources */,
				933EA92E2371B20E6CB37FFB /* VaultView.swift in Sources */,
				60606528AE89F4EE56537CF4 /* VoiceCommandService.swift in Sources */,
				44BF61DBD85EBDA78179E42A /* WhisperTranscriptionService.swift in Sources */,
				E2576996B808E53E4E8DD2B2 /* macOSAccessibilityProvider.swift in Sources */,
				49B65FB1AC91B879C257113C /* main.swift in Sources */,
			);
			runOnlyForDeploymentPostprocessing = 0;
		};
		8CC246D8DCF14325E60FF109 /* Sources */ = {
			isa = PBXSourcesBuildPhase;
			buildActionMask = 2147483647;
			files = (
				09683389102F411EA2785E9C /* ActionItemFilterTests.swift in Sources */,
				B1E4D7C3A29F1058E7B6C4DA /* ActionItemSourceTests.swift in Sources */,
				D3FF850D7D3176B9D07200B2 /* AIAnalysisTests.swift in Sources */,
				D9C21D746317A2A490A9EC06 /* AIKeychainServiceTests.swift in Sources */,
				77552C988B358FD2DBA64BFB /* AIProviderTests.swift in Sources */,
				09D0674313F646D3FBF566E6 /* AssistantServiceTests.swift in Sources */,
				AE52273D03E7BC0D1E483C8B /* AutomationPermissionTests.swift in Sources */,
				513FE0C9EFFADABF7B6E7CC7 /* CalendarServiceTests.swift in Sources */,
				D43A9772FBA82A010D96F944 /* ConversationTimelineTests.swift in Sources */,
				7FA7E4F2781CC989282BF439 /* LongContextTests.swift in Sources */,
				F01B90C20C7FAC8070BF00E8 /* MeetingDeletionTests.swift in Sources */,
				DF0FB877C28400BE3EC9DBDC /* MeetingDetectorServiceTests.swift in Sources */,
				F0973495E693151315BE140D /* MeetingExportTests.swift in Sources */,
				FB42C5F416E59B1994522F34 /* MeetingRetentionServiceTests.swift in Sources */,
				7CDFE204B396A0D34B6F31F0 /* MeetingsAuditTests.swift in Sources */,
				18D5EC99922645BC0A873DD8 /* OllamaSetupServiceTests.swift in Sources */,
				5EFF84E8622CB252B683564B /* QuickCaptureParserTests.swift in Sources */,
				9668AABCCA2B9FDE619DC4F7 /* RecordingServiceTests.swift in Sources */,
				627A476E828F39657A1CDDF9 /* RecurringMeetingTests.swift in Sources */,
				A54FC747DC629A79FDDE85FE /* RolloverEngineTests.swift in Sources */,
				3589BD2D262CDE1CB3F3F777 /* TranscriptStoreTests.swift in Sources */,
				B1EFE21C4BC749778248D1D2 /* URLSchemeTests.swift in Sources */,
				D5A0FDD1C5CB34C8196E8373 /* VaultServiceTests.swift in Sources */,
			);
			runOnlyForDeploymentPostprocessing = 0;
		};
/* End PBXSourcesBuildPhase section */

/* Begin PBXTargetDependency section */
		F33E83AC42CB88246778B2E9 /* PBXTargetDependency */ = {
			isa = PBXTargetDependency;
			target = 49E4F86B93072479D4EA1B79 /* Orin */;
			targetProxy = A05783CAF5B00D9D12554FB5 /* PBXContainerItemProxy */;
		};
/* End PBXTargetDependency section */

/* Begin XCBuildConfiguration section */
		07808CD8D2D82F116196BD7F /* Release */ = {
			isa = XCBuildConfiguration;
			buildSettings = {
				BUNDLE_LOADER = "$(TEST_HOST)";
				COMBINE_HIDPI_IMAGES = YES;
				GENERATE_INFOPLIST_FILE = YES;
				LD_RUNPATH_SEARCH_PATHS = (
					"$(inherited)",
					"@executable_path/../Frameworks",
					"@loader_path/../Frameworks",
				);
				MACOSX_DEPLOYMENT_TARGET = 14.0;
				PRODUCT_BUNDLE_IDENTIFIER = com.rconcept.orin.tests;
				SDKROOT = macosx;
				SWIFT_VERSION = 5.9;
				TEST_HOST = "$(BUILT_PRODUCTS_DIR)/Orin.app/Contents/MacOS/Orin";
			};
			name = Release;
		};
		25E3CABA681F3FC9C3A46681 /* Release */ = {
			isa = XCBuildConfiguration;
			buildSettings = {
				ALWAYS_SEARCH_USER_PATHS = NO;
				CLANG_ANALYZER_NONNULL = YES;
				CLANG_ANALYZER_NUMBER_OBJECT_CONVERSION = YES_AGGRESSIVE;
				CLANG_CXX_LANGUAGE_STANDARD = "gnu++14";
				CLANG_CXX_LIBRARY = "libc++";
				CLANG_ENABLE_MODULES = YES;
				CLANG_ENABLE_OBJC_ARC = YES;
				CLANG_ENABLE_OBJC_WEAK = YES;
				CLANG_WARN_BLOCK_CAPTURE_AUTORELEASING = YES;
				CLANG_WARN_BOOL_CONVERSION = YES;
				CLANG_WARN_COMMA = YES;
				CLANG_WARN_CONSTANT_CONVERSION = YES;
				CLANG_WARN_DEPRECATED_OBJC_IMPLEMENTATIONS = YES;
				CLANG_WARN_DIRECT_OBJC_ISA_USAGE = YES_ERROR;
				CLANG_WARN_DOCUMENTATION_COMMENTS = YES;
				CLANG_WARN_EMPTY_BODY = YES;
				CLANG_WARN_ENUM_CONVERSION = YES;
				CLANG_WARN_INFINITE_RECURSION = YES;
				CLANG_WARN_INT_CONVERSION = YES;
				CLANG_WARN_NON_LITERAL_NULL_CONVERSION = YES;
				CLANG_WARN_OBJC_IMPLICIT_RETAIN_SELF = YES;
				CLANG_WARN_OBJC_LITERAL_CONVERSION = YES;
				CLANG_WARN_OBJC_ROOT_CLASS = YES_ERROR;
				CLANG_WARN_QUOTED_INCLUDE_IN_FRAMEWORK_HEADER = YES;
				CLANG_WARN_RANGE_LOOP_ANALYSIS = YES;
				CLANG_WARN_STRICT_PROTOTYPES = YES;
				CLANG_WARN_SUSPICIOUS_MOVE = YES;
				CLANG_WARN_UNGUARDED_AVAILABILITY = YES_AGGRESSIVE;
				CLANG_WARN_UNREACHABLE_CODE = YES;
				CLANG_WARN__DUPLICATE_METHOD_MATCH = YES;
				CODE_SIGN_STYLE = Automatic;
				COPY_PHASE_STRIP = NO;
				DEBUG_INFORMATION_FORMAT = "dwarf-with-dsym";
				ENABLE_HARDENED_RUNTIME = YES;
				ENABLE_NS_ASSERTIONS = NO;
				ENABLE_STRICT_OBJC_MSGSEND = YES;
				GCC_C_LANGUAGE_STANDARD = gnu11;
				GCC_NO_COMMON_BLOCKS = YES;
				GCC_WARN_64_TO_32_BIT_CONVERSION = YES;
				GCC_WARN_ABOUT_RETURN_TYPE = YES_ERROR;
				GCC_WARN_UNDECLARED_SELECTOR = YES;
				GCC_WARN_UNINITIALIZED_AUTOS = YES_AGGRESSIVE;
				GCC_WARN_UNUSED_FUNCTION = YES;
				GCC_WARN_UNUSED_VARIABLE = YES;
				MACOSX_DEPLOYMENT_TARGET = 14.0;
				MTL_ENABLE_DEBUG_INFO = NO;
				MTL_FAST_MATH = YES;
				PRODUCT_NAME = "$(TARGET_NAME)";
				SDKROOT = macosx;
				SWIFT_COMPILATION_MODE = wholemodule;
				SWIFT_OPTIMIZATION_LEVEL = "-O";
				SWIFT_VERSION = 5.9;
			};
			name = Release;
		};
		365469A902CC1F7A0B8A5860 /* Debug */ = {
			isa = XCBuildConfiguration;
			buildSettings = {
				ALWAYS_SEARCH_USER_PATHS = NO;
				CLANG_ANALYZER_NONNULL = YES;
				CLANG_ANALYZER_NUMBER_OBJECT_CONVERSION = YES_AGGRESSIVE;
				CLANG_CXX_LANGUAGE_STANDARD = "gnu++14";
				CLANG_CXX_LIBRARY = "libc++";
				CLANG_ENABLE_MODULES = YES;
				CLANG_ENABLE_OBJC_ARC = YES;
				CLANG_ENABLE_OBJC_WEAK = YES;
				CLANG_WARN_BLOCK_CAPTURE_AUTORELEASING = YES;
				CLANG_WARN_BOOL_CONVERSION = YES;
				CLANG_WARN_COMMA = YES;
				CLANG_WARN_CONSTANT_CONVERSION = YES;
				CLANG_WARN_DEPRECATED_OBJC_IMPLEMENTATIONS = YES;
				CLANG_WARN_DIRECT_OBJC_ISA_USAGE = YES_ERROR;
				CLANG_WARN_DOCUMENTATION_COMMENTS = YES;
				CLANG_WARN_EMPTY_BODY = YES;
				CLANG_WARN_ENUM_CONVERSION = YES;
				CLANG_WARN_INFINITE_RECURSION = YES;
				CLANG_WARN_INT_CONVERSION = YES;
				CLANG_WARN_NON_LITERAL_NULL_CONVERSION = YES;
				CLANG_WARN_OBJC_IMPLICIT_RETAIN_SELF = YES;
				CLANG_WARN_OBJC_LITERAL_CONVERSION = YES;
				CLANG_WARN_OBJC_ROOT_CLASS = YES_ERROR;
				CLANG_WARN_QUOTED_INCLUDE_IN_FRAMEWORK_HEADER = YES;
				CLANG_WARN_RANGE_LOOP_ANALYSIS = YES;
				CLANG_WARN_STRICT_PROTOTYPES = YES;
				CLANG_WARN_SUSPICIOUS_MOVE = YES;
				CLANG_WARN_UNGUARDED_AVAILABILITY = YES_AGGRESSIVE;
				CLANG_WARN_UNREACHABLE_CODE = YES;
				CLANG_WARN__DUPLICATE_METHOD_MATCH = YES;
				CODE_SIGN_STYLE = Automatic;
				COPY_PHASE_STRIP = NO;
				DEBUG_INFORMATION_FORMAT = dwarf;
				ENABLE_HARDENED_RUNTIME = YES;
				ENABLE_STRICT_OBJC_MSGSEND = YES;
				ENABLE_TESTABILITY = YES;
				GCC_C_LANGUAGE_STANDARD = gnu11;
				GCC_DYNAMIC_NO_PIC = NO;
				GCC_NO_COMMON_BLOCKS = YES;
				GCC_OPTIMIZATION_LEVEL = 0;
				GCC_PREPROCESSOR_DEFINITIONS = (
					"$(inherited)",
					"DEBUG=1",
				);
				GCC_WARN_64_TO_32_BIT_CONVERSION = YES;
				GCC_WARN_ABOUT_RETURN_TYPE = YES_ERROR;
				GCC_WARN_UNDECLARED_SELECTOR = YES;
				GCC_WARN_UNINITIALIZED_AUTOS = YES_AGGRESSIVE;
				GCC_WARN_UNUSED_FUNCTION = YES;
				GCC_WARN_UNUSED_VARIABLE = YES;
				MACOSX_DEPLOYMENT_TARGET = 14.0;
				MTL_ENABLE_DEBUG_INFO = INCLUDE_SOURCE;
				MTL_FAST_MATH = YES;
				ONLY_ACTIVE_ARCH = YES;
				PRODUCT_NAME = "$(TARGET_NAME)";
				SDKROOT = macosx;
				SWIFT_ACTIVE_COMPILATION_CONDITIONS = DEBUG;
				SWIFT_OPTIMIZATION_LEVEL = "-Onone";
				SWIFT_VERSION = 5.9;
			};
			name = Debug;
		};
		65437CC19AA96DD3BBFE326F /* Debug */ = {
			isa = XCBuildConfiguration;
			buildSettings = {
				BUNDLE_LOADER = "$(TEST_HOST)";
				COMBINE_HIDPI_IMAGES = YES;
				GENERATE_INFOPLIST_FILE = YES;
				LD_RUNPATH_SEARCH_PATHS = (
					"$(inherited)",
					"@executable_path/../Frameworks",
					"@loader_path/../Frameworks",
				);
				MACOSX_DEPLOYMENT_TARGET = 14.0;
				PRODUCT_BUNDLE_IDENTIFIER = com.rconcept.orin.tests;
				SDKROOT = macosx;
				SWIFT_VERSION = 5.9;
				TEST_HOST = "$(BUILT_PRODUCTS_DIR)/Orin.app/Contents/MacOS/Orin";
			};
			name = Debug;
		};
		B245A9DC5584861165535C67 /* Debug */ = {
			isa = XCBuildConfiguration;
			buildSettings = {
				ASSETCATALOG_COMPILER_APPICON_NAME = AppIcon;
				CODE_SIGN_ENTITLEMENTS = Orin.entitlements;
				COMBINE_HIDPI_IMAGES = YES;
				ENABLE_HARDENED_RUNTIME = YES;
				INFOPLIST_FILE = Orin/Info.plist;
				LD_RUNPATH_SEARCH_PATHS = (
					"$(inherited)",
					"@executable_path/../Frameworks",
				);
				MACOSX_DEPLOYMENT_TARGET = 14.0;
				PRODUCT_BUNDLE_IDENTIFIER = com.rconcept.orin;
				PRODUCT_NAME = Orin;
				SDKROOT = macosx;
				SWIFT_VERSION = 5.9;
			};
			name = Debug;
		};
		D9A114956CDEB3F9CA4A4422 /* Release */ = {
			isa = XCBuildConfiguration;
			buildSettings = {
				ASSETCATALOG_COMPILER_APPICON_NAME = AppIcon;
				CODE_SIGN_ENTITLEMENTS = Orin.entitlements;
				COMBINE_HIDPI_IMAGES = YES;
				ENABLE_HARDENED_RUNTIME = YES;
				INFOPLIST_FILE = Orin/Info.plist;
				LD_RUNPATH_SEARCH_PATHS = (
					"$(inherited)",
					"@executable_path/../Frameworks",
				);
				MACOSX_DEPLOYMENT_TARGET = 14.0;
				PRODUCT_BUNDLE_IDENTIFIER = com.rconcept.orin;
				PRODUCT_NAME = Orin;
				SDKROOT = macosx;
				SWIFT_OPTIMIZATION_LEVEL = "-O";
				SWIFT_VERSION = 5.9;
			};
			name = Release;
		};
/* End XCBuildConfiguration section */

/* Begin XCConfigurationList section */
		09574FF27470C9DF2B04D001 /* Build configuration list for PBXProject "Orin" */ = {
			isa = XCConfigurationList;
			buildConfigurations = (
				365469A902CC1F7A0B8A5860 /* Debug */,
				25E3CABA681F3FC9C3A46681 /* Release */,
			);
			defaultConfigurationIsVisible = 0;
			defaultConfigurationName = Debug;
		};
		4B174444FAFF500BF0DBDE0C /* Build configuration list for PBXNativeTarget "OrinTests" */ = {
			isa = XCConfigurationList;
			buildConfigurations = (
				65437CC19AA96DD3BBFE326F /* Debug */,
				07808CD8D2D82F116196BD7F /* Release */,
			);
			defaultConfigurationIsVisible = 0;
			defaultConfigurationName = Debug;
		};
		B9360BFF0E50CB8608A1FF8B /* Build configuration list for PBXNativeTarget "Orin" */ = {
			isa = XCConfigurationList;
			buildConfigurations = (
				B245A9DC5584861165535C67 /* Debug */,
				D9A114956CDEB3F9CA4A4422 /* Release */,
			);
			defaultConfigurationIsVisible = 0;
			defaultConfigurationName = Debug;
		};
/* End XCConfigurationList section */
	};
	rootObject = B138C41DF7435D527C083CAC /* Project object */;
}
